
Microsoft Visual Studio Solution File, Format Version 10.00
# Visual Studio 2008
Project("{FAE04EC0-301F-11D3-BF4B-00C04F79EFBC}") = "yaping", "yaping\yaping.csproj", "{CA9C9440-8ABA-48CB-AD54-9AFE3ECD330F}"
EndProject
Global
	GlobalSection(SolutionConfigurationPlatforms) = preSolution
		Debug|Any CPU = Debug|Any CPU
		Release|Any CPU = Release|Any CPU
	EndGlobalSection
	GlobalSection(ProjectConfigurationPlatforms) = postSolution
		{CA9C9440-8ABA-48CB-AD54-9AFE3ECD330F}.Debug|Any CPU.ActiveCfg = Debug|Any CPU
		{CA9C9440-8ABA-48CB-AD54-9AFE3ECD330F}.Debug|Any CPU.Build.0 = Debug|Any CPU
		{CA9C9440-8ABA-48CB-AD54-9AFE3ECD330F}.Release|Any CPU.ActiveCfg = Release|Any CPU
		{CA9C9440-8ABA-48CB-AD54-9AFE3ECD330F}.Release|Any CPU.Build.0 = Release|Any CPU
	EndGlobalSection
	GlobalSection(SolutionProperties) = preSolution
		HideSolutionNode = FALSE
	EndGlobalSection
EndGlobal
